{
  "name": "src-tauri",
  "version": "1.0.0",
  "lockfileVersion": 3,
  "requires": true,
  "packages": {
    "": {
      "name": "src-tauri",
      "version": "1.0.0",
      "license": "ISC",
      "dependencies": {
        "@tauri-apps/plugin-global-shortcut": "^2.0.0-alpha.1"
      }
    },
    "node_modules/@tauri-apps/api": {
      "version": "2.0.0-alpha.6",
      "resolved": "https://registry.npmmirror.com/@tauri-apps/api/-/api-2.0.0-alpha.6.tgz",
      "integrity": "sha512-ZMOc3eu9amwvkC6M69h3hWt4/EsFaAXmtkiw4xd2LN59/lTb4ZQiVfq2QKlRcu1rj3n/Tcr7U30ZopvHwXBGIg==",
      "engines": {
        "node": ">= 14.6.0",
        "npm": ">= 6.6.0",
        "yarn": ">= 1.19.1"
      }
    },
    "node_modules/@tauri-apps/plugin-global-shortcut": {
      "version": "2.0.0-alpha.1",
      "resolved": "https://registry.npmmirror.com/@tauri-apps/plugin-global-shortcut/-/plugin-global-shortcut-2.0.0-alpha.1.tgz",
      "integrity": "sha512-86pqnvoylSZV7R/SjK1WlLhTWydIhRS5qjHl6IqIcY4sYRuBMovMNj8fMLhFt2Ppq4dRiSx5jbrlQDY82HJtaQ==",
      "dependencies": {
        "@tauri-apps/api": "2.0.0-alpha.6"
      }
    }
  }
}
